
Microsoft Visual Studio Solution File, Format Version 12.00
# Visual Studio Version 17
VisualStudioVersion = 17.3.32922.545
MinimumVisualStudioVersion = 10.0.40219.1
Project("{FAE04EC0-301F-11D3-BF4B-00C04F79EFBC}") = "DataScraper", "DataScraper\DataScraper.csproj", "{51A12C8A-68A6-43E8-A9B6-639AC34696E6}"
EndProject
Global
	GlobalSection(SolutionConfigurationPlatforms) = preSolution
		Debug|Any CPU = Debug|Any CPU
		Release|Any CPU = Release|Any CPU
	EndGlobalSection
	GlobalSection(ProjectConfigurationPlatforms) = postSolution
		{51A12C8A-68A6-43E8-A9B6-639AC34696E6}.Debug|Any CPU.ActiveCfg = Debug|Any CPU
		{51A12C8A-68A6-43E8-A9B6-639AC34696E6}.Debug|Any CPU.Build.0 = Debug|Any CPU
		{51A12C8A-68A6-43E8-A9B6-639AC34696E6}.Release|Any CPU.ActiveCfg = Release|Any CPU
		{51A12C8A-68A6-43E8-A9B6-639AC34696E6}.Release|Any CPU.Build.0 = Release|Any CPU
	EndGlobalSection
	GlobalSection(SolutionProperties) = preSolution
		HideSolutionNode = FALSE
	EndGlobalSection
	GlobalSection(ExtensibilityGlobals) = postSolution
		SolutionGuid = {0C1A67F6-B7F8-4AB4-A5EA-C4498736294B}
	EndGlobalSection
EndGlobal
